
Microsoft Visual Studio Solution File, Format Version 12.00
# Visual Studio Version 17
VisualStudioVersion = 17.6.33801.468
MinimumVisualStudioVersion = 10.0.40219.1
Project("{FAE04EC0-301F-11D3-BF4B-00C04F79EFBC}") = "StudyBuddy", "StudyBuddy\StudyBuddy.csproj", "{94F7F40F-6CE4-4D83-8AF2-77980E9EDC55}"
EndProject
Global
	GlobalSection(SolutionConfigurationPlatforms) = preSolution
		Debug|Any CPU = Debug|Any CPU
		Release|Any CPU = Release|Any CPU
	EndGlobalSection
	GlobalSection(ProjectConfigurationPlatforms) = postSolution
		{94F7F40F-6CE4-4D83-8AF2-77980E9EDC55}.Debug|Any CPU.ActiveCfg = Debug|Any CPU
		{94F7F40F-6CE4-4D83-8AF2-77980E9EDC55}.Debug|Any CPU.Build.0 = Debug|Any CPU
		{94F7F40F-6CE4-4D83-8AF2-77980E9EDC55}.Release|Any CPU.ActiveCfg = Release|Any CPU
		{94F7F40F-6CE4-4D83-8AF2-77980E9EDC55}.Release|Any CPU.Build.0 = Release|Any CPU
	EndGlobalSection
	GlobalSection(SolutionProperties) = preSolution
		HideSolutionNode = FALSE
	EndGlobalSection
	GlobalSection(ExtensibilityGlobals) = postSolution
		SolutionGuid = {5CE1F0E9-C72C-4127-8121-D676269B7339}
	EndGlobalSection
EndGlobal
